<?xml version="1.0" encoding="utf-8"?>
<Project ToolsVersion="4.0" xmlns="http://schemas.microsoft.com/developer/msbuild/2003">
  <ItemGroup>
    <Filter Include="Source Files">
      <UniqueIdentifier>{4FC737F1-C7A5-4376-A066-2A32D752A2FF}</UniqueIdentifier>
      <Extensions>cpp;c;cc;cxx;def;odl;idl;hpj;bat;asm;asmx</Extensions>
    </Filter>
    <Filter Include="Header Files">
      <UniqueIdentifier>{93995380-89BD-4b04-88EB-625FBE52EBFB}</UniqueIdentifier>
      <Extensions>h;hh;hpp;hxx;hm;inl;inc;xsd</Extensions>
    </Filter>
    <Filter Include="Resource Files">
      <UniqueIdentifier>{67DA6AB6-F800-4c08-8B7A-83BB121AAD01}</UniqueIdentifier>
      <Extensions>rc;ico;cur;bmp;dlg;rc2;rct;bin;rgs;gif;jpg;jpeg;jpe;resx;tiff;tif;png;wav</Extensions>
    </Filter>
  </ItemGroup>
  <ItemGroup>
    <None Include="include\mono\cil\opcode.def">
      <Filter>Source Files</Filter>
    </None>
  </ItemGroup>
  <ItemGroup>
    <ClCompile Include="jni\inject.cpp">
      <Filter>Source Files</Filter>
    </ClCompile>
    <ClCompile Include="jni\ppxgqexc.cpp">
      <Filter>Source Files</Filter>
    </ClCompile>
    <ClCompile Include="jni\main.c">
      <Filter>Source Files</Filter>
    </ClCompile>
    <ClCompile Include="jni\net\socket_client.cpp">
      <Filter>Source Files</Filter>
    </ClCompile>
    <ClCompile Include="jni\net\sock_comm.cpp">
      <Filter>Source Files</Filter>
    </ClCompile>
    <ClCompile Include="jni\LL-gamejni.cpp">
      <Filter>Source Files</Filter>
    </ClCompile>
    <ClCompile Include="jni\LL-mono_wraper.cpp">
      <Filter>Source Files</Filter>
    </ClCompile>
  </ItemGroup>
  <ItemGroup>
    <ClInclude Include="include\mono\jit\jit.h">
      <Filter>Header Files</Filter>
    </ClInclude>
    <ClInclude Include="include\mono\metadata\appdomain.h">
      <Filter>Header Files</Filter>
    </ClInclude>
    <ClInclude Include="include\mono\metadata\assembly.h">
      <Filter>Header Files</Filter>
    </ClInclude>
    <ClInclude Include="include\mono\metadata\attrdefs.h">
      <Filter>Header Files</Filter>
    </ClInclude>
    <ClInclude Include="include\mono\metadata\blob.h">
      <Filter>Header Files</Filter>
    </ClInclude>
    <ClInclude Include="include\mono\metadata\class.h">
      <Filter>Header Files</Filter>
    </ClInclude>
    <ClInclude Include="include\mono\metadata\debug-helpers.h">
      <Filter>Header Files</Filter>
    </ClInclude>
    <ClInclude Include="include\mono\metadata\debug-mono-symfile.h">
      <Filter>Header Files</Filter>
    </ClInclude>
    <ClInclude Include="include\mono\metadata\environment.h">
      <Filter>Header Files</Filter>
    </ClInclude>
    <ClInclude Include="include\mono\metadata\exception.h">
      <Filter>Header Files</Filter>
    </ClInclude>
    <ClInclude Include="include\mono\metadata\image.h">
      <Filter>Header Files</Filter>
    </ClInclude>
    <ClInclude Include="include\mono\metadata\loader.h">
      <Filter>Header Files</Filter>
    </ClInclude>
    <ClInclude Include="include\mono\metadata\metadata.h">
      <Filter>Header Files</Filter>
    </ClInclude>
    <ClInclude Include="include\mono\metadata\mono-config.h">
      <Filter>Header Files</Filter>
    </ClInclude>
    <ClInclude Include="include\mono\metadata\mono-debug.h">
      <Filter>Header Files</Filter>
    </ClInclude>
    <ClInclude Include="include\mono\metadata\mono-gc.h">
      <Filter>Header Files</Filter>
    </ClInclude>
    <ClInclude Include="include\mono\metadata\object.h">
      <Filter>Header Files</Filter>
    </ClInclude>
    <ClInclude Include="include\mono\metadata\opcodes.h">
      <Filter>Header Files</Filter>
    </ClInclude>
    <ClInclude Include="include\mono\metadata\profiler.h">
      <Filter>Header Files</Filter>
    </ClInclude>
    <ClInclude Include="include\mono\metadata\reflection.h">
      <Filter>Header Files</Filter>
    </ClInclude>
    <ClInclude Include="include\mono\metadata\row-indexes.h">
      <Filter>Header Files</Filter>
    </ClInclude>
    <ClInclude Include="include\mono\metadata\sgen-bridge.h">
      <Filter>Header Files</Filter>
    </ClInclude>
    <ClInclude Include="include\mono\metadata\threads.h">
      <Filter>Header Files</Filter>
    </ClInclude>
    <ClInclude Include="include\mono\metadata\tokentype.h">
      <Filter>Header Files</Filter>
    </ClInclude>
    <ClInclude Include="include\mono\metadata\verify.h">
      <Filter>Header Files</Filter>
    </ClInclude>
    <ClInclude Include="include\mono\utils\mono-counters.h">
      <Filter>Header Files</Filter>
    </ClInclude>
    <ClInclude Include="include\mono\utils\mono-dl-fallback.h">
      <Filter>Header Files</Filter>
    </ClInclude>
    <ClInclude Include="include\mono\utils\mono-error.h">
      <Filter>Header Files</Filter>
    </ClInclude>
    <ClInclude Include="include\mono\utils\mono-logger.h">
      <Filter>Header Files</Filter>
    </ClInclude>
    <ClInclude Include="include\mono\utils\mono-publib.h">
      <Filter>Header Files</Filter>
    </ClInclude>
    <ClInclude Include="jni\inject.h">
      <Filter>Header Files</Filter>
    </ClInclude>
    <ClInclude Include="jni\net\proto.h">
      <Filter>Header Files</Filter>
    </ClInclude>
    <ClInclude Include="jni\net\SimpleSerialize.h">
      <Filter>Header Files</Filter>
    </ClInclude>
    <ClInclude Include="jni\net\socket_client.h">
      <Filter>Header Files</Filter>
    </ClInclude>
    <ClInclude Include="jni\net\sock_comm.h">
      <Filter>Header Files</Filter>
    </ClInclude>
    <ClInclude Include="jni\LL-gamejni.h">
      <Filter>Header Files</Filter>
    </ClInclude>
    <ClInclude Include="jni\LL-mono_wraper.h">
      <Filter>Header Files</Filter>
    </ClInclude>
  </ItemGroup>
</Project>